<?xml version="1.0" encoding="utf-8"?>
<Project ToolsVersion="4.0" xmlns="http://schemas.microsoft.com/developer/msbuild/2003">
  <ItemGroup>
    <Filter Include="msg">
      <UniqueIdentifier>{23ae2509-2c90-4003-8eac-bccc2013592d}</UniqueIdentifier>
    </Filter>
    <Filter Include="msg\variant">
      <UniqueIdentifier>{1b1273fc-3987-41b5-b234-f3823b42ae8e}</UniqueIdentifier>
    </Filter>
    <Filter Include="view">
      <UniqueIdentifier>{a6d5b45d-c8fa-450f-855e-e5dbe1462e92}</UniqueIdentifier>
    </Filter>
    <Filter Include="tools">
      <UniqueIdentifier>{c3023874-474b-4af4-a2ce-d5374fecc933}</UniqueIdentifier>
    </Filter>
    <Filter Include="view\library">
      <UniqueIdentifier>{9bb25c1f-6124-4f08-a7df-8780dc47925f}</UniqueIdentifier>
    </Filter>
    <Filter Include="view\stage">
      <UniqueIdentifier>{6ff59c45-f0c3-443f-b0f0-3182b149523e}</UniqueIdentifier>
    </Filter>
    <Filter Include="view\detail">
      <UniqueIdentifier>{bb0ee85d-1221-4647-a87a-ca6eecf99273}</UniqueIdentifier>
    </Filter>
    <Filter Include="view\library\image">
      <UniqueIdentifier>{9c8a4a1a-6d55-4968-a167-38e323650b0d}</UniqueIdentifier>
    </Filter>
    <Filter Include="view\frame">
      <UniqueIdentifier>{9b873942-284d-4f3d-872d-ec8817a38258}</UniqueIdentifier>
    </Filter>
    <Filter Include="view\utility">
      <UniqueIdentifier>{b4b303b7-1bb0-4cae-a8e9-e8ecd3f44c1b}</UniqueIdentifier>
    </Filter>
    <Filter Include="view\utility\drop">
      <UniqueIdentifier>{1c860714-9b90-4e9e-8c23-64ddf24c5af9}</UniqueIdentifier>
    </Filter>
    <Filter Include="gui">
      <UniqueIdentifier>{527cd7d7-f6ab-466b-bef4-418e16c5c19f}</UniqueIdentifier>
    </Filter>
    <Filter Include="interface">
      <UniqueIdentifier>{71903ba5-5eb3-4586-b231-b468ddb5a52c}</UniqueIdentifier>
    </Filter>
    <Filter Include="edit">
      <UniqueIdentifier>{e508db87-0061-481d-8fcd-b9c4d1de9bd5}</UniqueIdentifier>
    </Filter>
    <Filter Include="gui\slider">
      <UniqueIdentifier>{2055fe25-ef04-43a5-ae24-3394a7d2a63e}</UniqueIdentifier>
    </Filter>
    <Filter Include="tools\config">
      <UniqueIdentifier>{d77a0c37-07fc-4829-a354-b4f1543537cf}</UniqueIdentifier>
    </Filter>
    <Filter Include="gui\code">
      <UniqueIdentifier>{7601a2cd-9bfd-4435-a49a-7fbc87e7dafe}</UniqueIdentifier>
    </Filter>
    <Filter Include="gui\dialog">
      <UniqueIdentifier>{72ff0290-6ea5-4215-862a-d6ff67d5a271}</UniqueIdentifier>
    </Filter>
    <Filter Include="gui\panel">
      <UniqueIdentifier>{c533eaf7-1055-4581-bc03-643483573494}</UniqueIdentifier>
    </Filter>
    <Filter Include="gui\spin">
      <UniqueIdentifier>{4c04afb7-19ad-4337-8996-35a0adbca5cc}</UniqueIdentifier>
    </Filter>
    <Filter Include="view\canvas">
      <UniqueIdentifier>{7d178635-1770-415e-b936-9f9557770069}</UniqueIdentifier>
    </Filter>
    <Filter Include="gui\prop">
      <UniqueIdentifier>{3f54c4ad-4e95-4a37-befd-baa79bbfce95}</UniqueIdentifier>
    </Filter>
    <Filter Include="data">
      <UniqueIdentifier>{798ab8fe-104a-4ee4-bb73-51d7bd2fd31a}</UniqueIdentifier>
    </Filter>
    <Filter Include="data\comp">
      <UniqueIdentifier>{3dc2683f-e8d5-43bc-be2c-bd8c3f541262}</UniqueIdentifier>
    </Filter>
    <Filter Include="view\property">
      <UniqueIdentifier>{70cf4648-6446-4cc6-8721-e267357b1eac}</UniqueIdentifier>
    </Filter>
  </ItemGroup>
  <ItemGroup>
    <ClInclude Include="..\..\..\include\ee0\Variant.h">
      <Filter>msg\variant</Filter>
    </ClInclude>
    <ClInclude Include="..\..\..\include\ee0\VariantSet.h">
      <Filter>msg\variant</Filter>
    </ClInclude>
    <ClInclude Include="..\..\..\include\ee0\VariantType.h">
      <Filter>msg\variant</Filter>
    </ClInclude>
    <ClInclude Include="..\..\..\include\ee0\MessageID.h">
      <Filter>msg</Filter>
    </ClInclude>
    <ClInclude Include="..\..\..\include\ee0\Observer.h">
      <Filter>msg</Filter>
    </ClInclude>
    <ClInclude Include="..\..\..\include\ee0\Subject.h">
      <Filter>msg</Filter>
    </ClInclude>
    <ClInclude Include="..\..\..\include\ee0\SubjectMgr.h">
      <Filter>msg</Filter>
    </ClInclude>
    <ClInclude Include="..\..\..\include\ee0\EditOpState.h">
      <Filter>edit</Filter>
    </ClInclude>
    <ClInclude Include="..\..\..\include\ee0\typedef.h" />
    <ClInclude Include="..\..\..\include\ee0\CameraHelper.h">
      <Filter>tools</Filter>
    </ClInclude>
    <ClInclude Include="..\..\..\include\ee0\NodeSelectOP.h">
      <Filter>edit</Filter>
    </ClInclude>
    <ClInclude Include="..\..\..\include\ee0\EditOP.h">
      <Filter>edit</Filter>
    </ClInclude>
    <ClInclude Include="..\..\..\include\ee0\WxBitmap.h">
      <Filter>data</Filter>
    </ClInclude>
    <ClInclude Include="..\..\..\include\ee0\WxLibraryItem.h">
      <Filter>view\library</Filter>
    </ClInclude>
    <ClInclude Include="..\..\..\include\ee0\WxImageVList.h">
      <Filter>view\library</Filter>
    </ClInclude>
    <ClInclude Include="..\..\..\include\ee0\WxLibraryList.h">
      <Filter>view\library</Filter>
    </ClInclude>
    <ClInclude Include="..\..\..\include\ee0\WxLibraryPage.h">
      <Filter>view\library</Filter>
    </ClInclude>
    <ClInclude Include="..\..\..\include\ee0\WxLibraryPanel.h">
      <Filter>view\library</Filter>
    </ClInclude>
    <ClInclude Include="..\..\..\include\ee0\WxLibraryImagePage.h">
      <Filter>view\library\image</Filter>
    </ClInclude>
    <ClInclude Include="..\..\..\include\ee0\WxEditPanel.h">
      <Filter>view\stage</Filter>
    </ClInclude>
    <ClInclude Include="..\..\..\include\ee0\EditPanelImpl.h">
      <Filter>view\stage</Filter>
    </ClInclude>
    <ClInclude Include="..\..\..\include\ee0\WxStageCanvas.h">
      <Filter>view\stage</Filter>
    </ClInclude>
    <ClInclude Include="..\..\..\include\ee0\WxStagePage.h">
      <Filter>view\stage</Filter>
    </ClInclude>
    <ClInclude Include="..\..\..\include\ee0\SelectionSet.h">
      <Filter>data</Filter>
    </ClInclude>
    <ClInclude Include="..\..\..\include\ee0\WxFrame.h">
      <Filter>view\frame</Filter>
    </ClInclude>
    <ClInclude Include="..\..\..\include\ee0\color_config.h">
      <Filter>data</Filter>
    </ClInclude>
    <ClInclude Include="..\..\..\include\ee0\WxDropTarget.h">
      <Filter>view\utility\drop</Filter>
    </ClInclude>
    <ClInclude Include="..\..\..\include\ee0\WxDropData.h">
      <Filter>view\utility\drop</Filter>
    </ClInclude>
    <ClInclude Include="..\..\..\include\ee0\WxCompPanel.h">
      <Filter>view\detail</Filter>
    </ClInclude>
    <ClInclude Include="..\..\..\include\ee0\MsgHelper.h">
      <Filter>tools</Filter>
    </ClInclude>
    <ClInclude Include="..\..\..\include\ee0\Application.h">
      <Filter>view\frame</Filter>
    </ClInclude>
    <ClInclude Include="..\..\..\include\ee0\WindowContext.h">
      <Filter>view\stage</Filter>
    </ClInclude>
    <ClInclude Include="..\..\..\include\ee0\KeyType.h">
      <Filter>tools</Filter>
    </ClInclude>
    <ClInclude Include="..\..\..\include\ee0\KeysState.h">
      <Filter>tools</Filter>
    </ClInclude>
    <ClInclude Include="..\..\..\include\ee0\AtomicOP.h">
      <Filter>edit</Filter>
    </ClInclude>
    <ClInclude Include="..\..\..\include\ee0\EditRecord.h">
      <Filter>edit</Filter>
    </ClInclude>
    <ClInclude Include="..\..\..\include\ee0\WxSliderCtrl.h">
      <Filter>gui\slider</Filter>
    </ClInclude>
    <ClInclude Include="..\..\..\include\ee0\WxSliderOneCtrl.h">
      <Filter>gui\slider</Filter>
    </ClInclude>
    <ClInclude Include="..\..\..\include\ee0\GuiCallback.h">
      <Filter>gui</Filter>
    </ClInclude>
    <ClInclude Include="..\..\..\include\ee0\SliderItem.h">
      <Filter>gui\slider</Filter>
    </ClInclude>
    <ClInclude Include="..\..\..\include\ee0\WxSliderTwoCtrl.h">
      <Filter>gui\slider</Filter>
    </ClInclude>
    <ClInclude Include="..\..\..\include\ee0\GameObj.h">
      <Filter>data</Filter>
    </ClInclude>
    <ClInclude Include="..\..\..\include\ee0\SettingCfg.h">
      <Filter>tools\config</Filter>
    </ClInclude>
    <ClInclude Include="..\..\..\include\ee0\Config.h">
      <Filter>tools\config</Filter>
    </ClInclude>
    <ClInclude Include="..\..\..\include\ee0\ConfigFile.h">
      <Filter>tools\config</Filter>
    </ClInclude>
    <ClInclude Include="..\..\..\include\ee0\CompEntityEditor.h">
      <Filter>data\comp</Filter>
    </ClInclude>
    <ClInclude Include="..\..\..\include\ee0\WxCodeCtrl.h">
      <Filter>gui\code</Filter>
    </ClInclude>
    <ClInclude Include="..\..\..\include\ee0\defsext.h">
      <Filter>gui\code</Filter>
    </ClInclude>
    <ClInclude Include="..\..\..\include\ee0\prefs.h">
      <Filter>gui\code</Filter>
    </ClInclude>
    <ClInclude Include="..\..\..\include\ee0\RightPopupMenu.h">
      <Filter>view\stage</Filter>
    </ClInclude>
    <ClInclude Include="..\..\..\include\ee0\WxListSelectDlg.h">
      <Filter>gui\dialog</Filter>
    </ClInclude>
    <ClInclude Include="..\..\..\include\ee0\WxColorGradientDlg.h">
      <Filter>gui\dialog</Filter>
    </ClInclude>
    <ClInclude Include="..\..\..\include\ee0\WxImagePanel.h">
      <Filter>gui\panel</Filter>
    </ClInclude>
    <ClInclude Include="..\..\..\include\ee0\WxColorSpinCtrl.h">
      <Filter>gui\spin</Filter>
    </ClInclude>
    <ClInclude Include="..\..\..\include\ee0\WxCompIdPanel.h">
      <Filter>view\detail</Filter>
    </ClInclude>
    <ClInclude Include="..\..\..\include\ee0\WxCompFlagPanel.h">
      <Filter>view\detail</Filter>
    </ClInclude>
    <ClInclude Include="..\..\..\include\ee0\NSCompCustomProp.h">
      <Filter>data\comp</Filter>
    </ClInclude>
    <ClInclude Include="..\..\..\include\ee0\CompCustomProp.h">
      <Filter>data\comp</Filter>
    </ClInclude>
    <ClInclude Include="..\..\..\include\ee0\WxCompCustomPropPanel.h">
      <Filter>view\detail</Filter>
    </ClInclude>
    <ClInclude Include="..\..\..\include\ee0\Callback.h">
      <Filter>tools</Filter>
    </ClInclude>
    <ClInclude Include="..\..\..\include\ee0\WxSimpleCanvas.h">
      <Filter>view\canvas</Filter>
    </ClInclude>
    <ClInclude Include="..\..\..\include\ee0\WxOpenFileProp.h">
      <Filter>gui\prop</Filter>
    </ClInclude>
    <ClInclude Include="..\..\..\include\ee0\ReflectPropTypes.h">
      <Filter>data</Filter>
    </ClInclude>
    <ClInclude Include="..\..\..\include\ee0\WxPropHelper.h">
      <Filter>view\property</Filter>
    </ClInclude>
    <ClInclude Include="..\..\..\include\ee0\RenderContext.h">
      <Filter>tools</Filter>
    </ClInclude>
    <ClInclude Include="..\..\..\include\ee0\SceneNodeContainer.h">
      <Filter>interface</Filter>
    </ClInclude>
  </ItemGroup>
  <ItemGroup>
    <ClCompile Include="..\..\..\source\msg\Subject.cpp">
      <Filter>msg</Filter>
    </ClCompile>
    <ClCompile Include="..\..\..\source\msg\SubjectMgr.cpp">
      <Filter>msg</Filter>
    </ClCompile>
    <ClCompile Include="..\..\..\source\tools\CameraHelper.cpp">
      <Filter>tools</Filter>
    </ClCompile>
    <ClCompile Include="..\..\..\source\editop\NodeSelectOP.cpp">
      <Filter>edit</Filter>
    </ClCompile>
    <ClCompile Include="..\..\..\source\editop\EditOP.cpp">
      <Filter>edit</Filter>
    </ClCompile>
    <ClCompile Include="..\..\..\source\data\WxBitmap.cpp">
      <Filter>data</Filter>
    </ClCompile>
    <ClCompile Include="..\..\..\source\view\WxLibraryItem.cpp">
      <Filter>view\library</Filter>
    </ClCompile>
    <ClCompile Include="..\..\..\source\view\WxImageVList.cpp">
      <Filter>view\library</Filter>
    </ClCompile>
    <ClCompile Include="..\..\..\source\view\WxLibraryList.cpp">
      <Filter>view\library</Filter>
    </ClCompile>
    <ClCompile Include="..\..\..\source\view\WxLibraryPage.cpp">
      <Filter>view\library</Filter>
    </ClCompile>
    <ClCompile Include="..\..\..\source\view\WxLibraryPanel.cpp">
      <Filter>view\library</Filter>
    </ClCompile>
    <ClCompile Include="..\..\..\source\view\WxLibraryImagePage.cpp">
      <Filter>view\library\image</Filter>
    </ClCompile>
    <ClCompile Include="..\..\..\source\view\WxEditPanel.cpp">
      <Filter>view\stage</Filter>
    </ClCompile>
    <ClCompile Include="..\..\..\source\view\EditPanelImpl.cpp">
      <Filter>view\stage</Filter>
    </ClCompile>
    <ClCompile Include="..\..\..\source\view\WxStageCanvas.cpp">
      <Filter>view\stage</Filter>
    </ClCompile>
    <ClCompile Include="..\..\..\source\view\WxStagePage.cpp">
      <Filter>view\stage</Filter>
    </ClCompile>
    <ClCompile Include="..\..\..\source\view\WxFrame.cpp">
      <Filter>view\frame</Filter>
    </ClCompile>
    <ClCompile Include="..\..\..\source\view\WxDropTarget.cpp">
      <Filter>view\utility\drop</Filter>
    </ClCompile>
    <ClCompile Include="..\..\..\source\view\WxDropData.cpp">
      <Filter>view\utility\drop</Filter>
    </ClCompile>
    <ClCompile Include="..\..\..\source\view\WxCompPanel.cpp">
      <Filter>view\detail</Filter>
    </ClCompile>
    <ClCompile Include="..\..\..\source\tools\MsgHelper.cpp">
      <Filter>tools</Filter>
    </ClCompile>
    <ClCompile Include="..\..\..\source\view\KeysState.cpp">
      <Filter>tools</Filter>
    </ClCompile>
    <ClCompile Include="..\..\..\source\editop\EditRecord.cpp">
      <Filter>edit</Filter>
    </ClCompile>
    <ClCompile Include="..\..\..\source\gui\WxSliderOneCtrl.cpp">
      <Filter>gui\slider</Filter>
    </ClCompile>
    <ClCompile Include="..\..\..\source\gui\WxSliderTwoCtrl.cpp">
      <Filter>gui\slider</Filter>
    </ClCompile>
    <ClCompile Include="..\..\..\source\tools\SettingCfg.cpp">
      <Filter>tools\config</Filter>
    </ClCompile>
    <ClCompile Include="..\..\..\source\tools\ConfigFile.cpp">
      <Filter>tools\config</Filter>
    </ClCompile>
    <ClCompile Include="..\..\..\source\gui\WxCodeCtrl.cpp">
      <Filter>gui\code</Filter>
    </ClCompile>
    <ClCompile Include="..\..\..\source\gui\prefs.cpp">
      <Filter>gui\code</Filter>
    </ClCompile>
    <ClCompile Include="..\..\..\source\view\RightPopupMenu.cpp">
      <Filter>view\stage</Filter>
    </ClCompile>
    <ClCompile Include="..\..\..\source\gui\WxListSelectDlg.cpp">
      <Filter>gui\dialog</Filter>
    </ClCompile>
    <ClCompile Include="..\..\..\source\gui\WxColorGradientDlg.cpp">
      <Filter>gui\dialog</Filter>
    </ClCompile>
    <ClCompile Include="..\..\..\source\gui\WxImagePanel.cpp">
      <Filter>gui\panel</Filter>
    </ClCompile>
    <ClCompile Include="..\..\..\source\gui\WxColorSpinCtrl.cpp">
      <Filter>gui\spin</Filter>
    </ClCompile>
    <ClCompile Include="..\..\..\source\view\WxCompIdPanel.cpp">
      <Filter>view\detail</Filter>
    </ClCompile>
    <ClCompile Include="..\..\..\source\view\WxCompFlagPanel.cpp">
      <Filter>view\detail</Filter>
    </ClCompile>
    <ClCompile Include="..\..\..\source\data\NSCompCustomProp.cpp">
      <Filter>data\comp</Filter>
    </ClCompile>
    <ClCompile Include="..\..\..\source\data\CompCustomProp.cpp">
      <Filter>data\comp</Filter>
    </ClCompile>
    <ClCompile Include="..\..\..\source\view\WxCompCustomPropPanel.cpp">
      <Filter>view\detail</Filter>
    </ClCompile>
    <ClCompile Include="..\..\..\source\tools\Callback.cpp">
      <Filter>tools</Filter>
    </ClCompile>
    <ClCompile Include="..\..\..\source\view\WxSimpleCanvas.cpp">
      <Filter>view\canvas</Filter>
    </ClCompile>
    <ClCompile Include="..\..\..\source\gui\WxOpenFileProp.cpp">
      <Filter>gui\prop</Filter>
    </ClCompile>
    <ClCompile Include="..\..\..\source\view\WxPropHelper.cpp">
      <Filter>view\property</Filter>
    </ClCompile>
    <ClCompile Include="..\..\..\source\tools\RenderContext.cpp">
      <Filter>tools</Filter>
    </ClCompile>
  </ItemGroup>
  <ItemGroup>
    <None Include="..\..\..\include\ee0\SelectionSet.inl">
      <Filter>data</Filter>
    </None>
  </ItemGroup>
</Project>